{
  "name": "app2",
  "lockfileVersion": 3,
  "requires": true,
  "packages": {
    "": {
      "dependencies": {
        "@types/desmos": "^1.6.0"
      }
    },
    "node_modules/@types/desmos": {
      "version": "1.6.0",
      "resolved": "https://registry.npmjs.org/@types/desmos/-/desmos-1.6.0.tgz",
      "integrity": "sha512-g+U7FVw3/iu88uzaJ/RT+coKxKiCxOWx6ue1hQTLsTPN7jidJw2RMbB+UviSImAUm0TkdkRV0nE9hLSvNX45zQ=="
    }
  }
}
